// !$*UTF8*$!
{
	archiveVersion = 1;
	classes = {
	};
	objectVersion = 50;
	objects = {

/* Begin PBXBuildFile section */
		FB78AD81240999C500A2BC3B /* AppDelegate.swift in Sources */ = {isa = PBXBuildFile; fileRef = FB78AD80240999C400A2BC3B /* AppDelegate.swift */; };
		FB78AD83240999C500A2BC3B /* SceneDelegate.swift in Sources */ = {isa = PBXBuildFile; fileRef = FB78AD82240999C500A2BC3B /* SceneDelegate.swift */; };
		FB78AD85240999C500A2BC3B /* ViewController.swift in Sources */ = {isa = PBXBuildFile; fileRef = FB78AD84240999C500A2BC3B /* ViewController.swift */; };
		FB78AD88240999C500A2BC3B /* Main.storyboard in Resources */ = {isa = PBXBuildFile; fileRef = FB78AD86240999C500A2BC3B /* Main.storyboard */; };
		FB78AD8A240999C700A2BC3B /* Assets.xcassets in Resources */ = {isa = PBXBuildFile; fileRef = FB78AD89240999C700A2BC3B /* Assets.xcassets */; };
		FB78AD8D240999C700A2BC3B /* LaunchScreen.storyboard in Resources */ = {isa = PBXBuildFile; fileRef = FB78AD8B240999C700A2BC3B /* LaunchScreen.storyboard */; };
		FB78AD98240999C700A2BC3B /* musicAppTests.swift in Sources */ = {isa = PBXBuildFile; fileRef = FB78AD97240999C700A2BC3B /* musicAppTests.swift */; };
		FB78ADA3240999C800A2BC3B /* musicAppUITests.swift in Sources */ = {isa = PBXBuildFile; fileRef = FB78ADA2240999C800A2BC3B /* musicAppUITests.swift */; };
/* End PBXBuildFile section */

/* Begin PBXContainerItemProxy section */
		FB78AD94240999C700A2BC3B /* PBXContainerItemProxy */ = {
			isa = PBXContainerItemProxy;
			containerPortal = FB78AD75240999C400A2BC3B /* Project object */;
			proxyType = 1;
			remoteGlobalIDString = FB78AD7C240999C400A2BC3B;
			remoteInfo = musicApp;
		};
		FB78AD9F240999C800A2BC3B /* PBXContainerItemProxy */ = {
			isa = PBXContainerItemProxy;
			containerPortal = FB78AD75240999C400A2BC3B /* Project object */;
			proxyType = 1;
			remoteGlobalIDString = FB78AD7C240999C400A2BC3B;
			remoteInfo = musicApp;
		};
/* End PBXContainerItemProxy section */

/* Begin PBXFileReference section */
		FB78AD7D240999C400A2BC3B /* musicApp.app */ = {isa = PBXFileReference; explicitFileType = wrapper.application; includeInIndex = 0; path = musicApp.app; sourceTree = BUILT_PRODUCTS_DIR; };
		FB78AD80240999C400A2BC3B /* AppDelegate.swift */ = {isa = PBXFileReference; lastKnownFileType = sourcecode.swift; path = AppDelegate.swift; sourceTree = "<group>"; };
		FB78AD82240999C500A2BC3B /* SceneDelegate.swift */ = {isa = PBXFileReference; lastKnownFileType = sourcecode.swift; path = SceneDelegate.swift; sourceTree = "<group>"; };
		FB78AD84240999C500A2BC3B /* ViewController.swift */ = {isa = PBXFileReference; lastKnownFileType = sourcecode.swift; path = ViewController.swift; sourceTree = "<group>"; };
		FB78AD87240999C500A2BC3B /* Base */ = {isa = PBXFileReference; lastKnownFileType = file.storyboard; name = Base; path = Base.lproj/Main.storyboard; sourceTree = "<group>"; };
		FB78AD89240999C700A2BC3B /* Assets.xcassets */ = {isa = PBXFileReference; lastKnownFileType = folder.assetcatalog; path = Assets.xcassets; sourceTree = "<group>"; };
		FB78AD8C240999C700A2BC3B /* Base */ = {isa = PBXFileReference; lastKnownFileType = file.storyboard; name = Base; path = Base.lproj/LaunchScreen.storyboard; sourceTree = "<group>"; };
		FB78AD8E240999C700A2BC3B /* Info.plist */ = {isa = PBXFileReference; lastKnownFileType = text.plist.xml; path = Info.plist; sourceTree = "<group>"; };
		FB78AD93240999C700A2BC3B /* musicAppTests.xctest */ = {isa = PBXFileReference; explicitFileType = wrapper.cfbundle; includeInIndex = 0; path = musicAppTests.xctest; sourceTree = BUILT_PRODUCTS_DIR; };
		FB78AD97240999C700A2BC3B /* musicAppTests.swift */ = {isa = PBXFileReference; lastKnownFileType = sourcecode.swift; path = musicAppTests.swift; sourceTree = "<group>"; };
		FB78AD99240999C700A2BC3B /* Info.plist */ = {isa = PBXFileReference; lastKnownFileType = text.plist.xml; path = Info.plist; sourceTree = "<group>"; };
		FB78AD9E240999C800A2BC3B /* musicAppUITests.xctest */ = {isa = PBXFileReference; explicitFileType = wrapper.cfbundle; includeInIndex = 0; path = musicAppUITests.xctest; sourceTree = BUILT_PRODUCTS_DIR; };
		FB78ADA2240999C800A2BC3B /* musicAppUITests.swift */ = {isa = PBXFileReference; lastKnownFileType = sourcecode.swift; path = musicAppUITests.swift; sourceTree = "<group>"; };
		FB78ADA4240999C800A2BC3B /* Info.plist */ = {isa = PBXFileReference; lastKnownFileType = text.plist.xml; path = Info.plist; sourceTree = "<group>"; };
/* End PBXFileReference section */

/* Begin PBXFrameworksBuildPhase section */
		FB78AD7A240999C400A2BC3B /* Frameworks */ = {
			isa = PBXFrameworksBuildPhase;
			buildActionMask = 2147483647;
			files = (
			);
			runOnlyForDeploymentPostprocessing = 0;
		};
		FB78AD90240999C700A2BC3B /* Frameworks */ = {
			isa = PBXFrameworksBuildPhase;
			buildActionMask = 2147483647;
			files = (
			);
			runOnlyForDeploymentPostprocessing = 0;
		};
		FB78AD9B240999C800A2BC3B /* Frameworks */ = {
			isa = PBXFrameworksBuildPhase;
			buildActionMask = 2147483647;
			files = (
			);
			runOnlyForDeploymentPostprocessing = 0;
		};
/* End PBXFrameworksBuildPhase section */

/* Begin PBXGroup section */
		FB78AD74240999C400A2BC3B = {
			isa = PBXGroup;
			children = (
				FB78AD7F240999C400A2BC3B /* musicApp */,
				FB78AD96240999C700A2BC3B /* musicAppTests */,
				FB78ADA1240999C800A2BC3B /* musicAppUITests */,
				FB78AD7E240999C400A2BC3B /* Products */,
			);
			sourceTree = "<group>";
		};
		FB78AD7E240999C400A2BC3B /* Products */ = {
			isa = PBXGroup;
			children = (
				FB78AD7D240999C400A2BC3B /* musicApp.app */,
				FB78AD93240999C700A2BC3B /* musicAppTests.xctest */,
				FB78AD9E240999C800A2BC3B /* musicAppUITests.xctest */,
			);
			name = Products;
			sourceTree = "<group>";
		};
		FB78AD7F240999C400A2BC3B /* musicApp */ = {
			isa = PBXGroup;
			children = (
				FB78AD80240999C400A2BC3B /* AppDelegate.swift */,
				FB78AD82240999C500A2BC3B /* SceneDelegate.swift */,
				FB78AD84240999C500A2BC3B /* ViewController.swift */,
				FB78AD86240999C500A2BC3B /* Main.storyboard */,
				FB78AD89240999C700A2BC3B /* Assets.xcassets */,
				FB78AD8B240999C700A2BC3B /* LaunchScreen.storyboard */,
				FB78AD8E240999C700A2BC3B /* Info.plist */,
			);
			path = musicApp;
			sourceTree = "<group>";
		};
		FB78AD96240999C700A2BC3B /* musicAppTests */ = {
			isa = PBXGroup;
			children = (
				FB78AD97240999C700A2BC3B /* musicAppTests.swift */,
				FB78AD99240999C700A2BC3B /* Info.plist */,
			);
			path = musicAppTests;
			sourceTree = "<group>";
		};
		FB78ADA1240999C800A2BC3B /* musicAppUITests */ = {
			isa = PBXGroup;
			children = (
				FB78ADA2240999C800A2BC3B /* musicAppUITests.swift */,
				FB78ADA4240999C800A2BC3B /* Info.plist */,
			);
			path = musicAppUITests;
			sourceTree = "<group>";
		};
/* End PBXGroup section */

/* Begin PBXNativeTarget section */
		FB78AD7C240999C400A2BC3B /* musicApp */ = {
			isa = PBXNativeTarget;
			buildConfigurationList = FB78ADA7240999C800A2BC3B /* Build configuration list for PBXNativeTarget "musicApp" */;
			buildPhases = (
				FB78AD79240999C400A2BC3B /* Sources */,
				FB78AD7A240999C400A2BC3B /* Frameworks */,
				FB78AD7B240999C400A2BC3B /* Resources */,
			);
			buildRules = (
			);
			dependencies = (
			);
			name = musicApp;
			productName = musicApp;
			productReference = FB78AD7D240999C400A2BC3B /* musicApp.app */;
			productType = "com.apple.product-type.application";
		};
		FB78AD92240999C700A2BC3B /* musicAppTests */ = {
			isa = PBXNativeTarget;
			buildConfigurationList = FB78ADAA240999C800A2BC3B /* Build configuration list for PBXNativeTarget "musicAppTests" */;
			buildPhases = (
				FB78AD8F240999C700A2BC3B /* Sources */,
				FB78AD90240999C700A2BC3B /* Frameworks */,
				FB78AD91240999C700A2BC3B /* Resources */,
			);
			buildRules = (
			);
			dependencies = (
				FB78AD95240999C700A2BC3B /* PBXTargetDependency */,
			);
			name = musicAppTests;
			productName = musicAppTests;
			productReference = FB78AD93240999C700A2BC3B /* musicAppTests.xctest */;
			productType = "com.apple.product-type.bundle.unit-test";
		};
		FB78AD9D240999C800A2BC3B /* musicAppUITests */ = {
			isa = PBXNativeTarget;
			buildConfigurationList = FB78ADAD240999C800A2BC3B /* Build configuration list for PBXNativeTarget "musicAppUITests" */;
			buildPhases = (
				FB78AD9A240999C800A2BC3B /* Sources */,
				FB78AD9B240999C800A2BC3B /* Frameworks */,
				FB78AD9C240999C800A2BC3B /* Resources */,
			);
			buildRules = (
			);
			dependencies = (
				FB78ADA0240999C800A2BC3B /* PBXTargetDependency */,
			);
			name = musicAppUITests;
			productName = musicAppUITests;
			productReference = FB78AD9E240999C800A2BC3B /* musicAppUITests.xctest */;
			productType = "com.apple.product-type.bundle.ui-testing";
		};
/* End PBXNativeTarget section */

/* Begin PBXProject section */
		FB78AD75240999C400A2BC3B /* Project object */ = {
			isa = PBXProject;
			attributes = {
				LastSwiftUpdateCheck = 1130;
				LastUpgradeCheck = 1130;
				ORGANIZATIONNAME = "Adam Jackrel";
				TargetAttributes = {
					FB78AD7C240999C400A2BC3B = {
						CreatedOnToolsVersion = 11.3.1;
					};
					FB78AD92240999C700A2BC3B = {
						CreatedOnToolsVersion = 11.3.1;
						TestTargetID = FB78AD7C240999C400A2BC3B;
					};
					FB78AD9D240999C800A2BC3B = {
						CreatedOnToolsVersion = 11.3.1;
						TestTargetID = FB78AD7C240999C400A2BC3B;
					};
				};
			};
			buildConfigurationList = FB78AD78240999C400A2BC3B /* Build configuration list for PBXProject "musicApp" */;
			compatibilityVersion = "Xcode 9.3";
			developmentRegion = en;
			hasScannedForEncodings = 0;
			knownRegions = (
				en,
				Base,
			);
			mainGroup = FB78AD74240999C400A2BC3B;
			productRefGroup = FB78AD7E240999C400A2BC3B /* Products */;
			projectDirPath = "";
			projectRoot = "";
			targets = (
				FB78AD7C240999C400A2BC3B /* musicApp */,
				FB78AD92240999C700A2BC3B /* musicAppTests */,
				FB78AD9D240999C800A2BC3B /* musicAppUITests */,
			);
		};
/* End PBXProject section */

/* Begin PBXResourcesBuildPhase section */
		FB78AD7B240999C400A2BC3B /* Resources */ = {
			isa = PBXResourcesBuildPhase;
			buildActionMask = 2147483647;
			files = (
				FB78AD8D240999C700A2BC3B /* LaunchScreen.storyboard in Resources */,
				FB78AD8A240999C700A2BC3B /* Assets.xcassets in Resources */,
				FB78AD88240999C500A2BC3B /* Main.storyboard in Resources */,
			);
			runOnlyForDeploymentPostprocessing = 0;
		};
		FB78AD91240999C700A2BC3B /* Resources */ = {
			isa = PBXResourcesBuildPhase;
			buildActionMask = 2147483647;
			files = (
			);
			runOnlyForDeploymentPostprocessing = 0;
		};
		FB78AD9C240999C800A2BC3B /* Resources */ = {
			isa = PBXResourcesBuildPhase;
			buildActionMask = 2147483647;
			files = (
			);
			runOnlyForDeploymentPostprocessing = 0;
		};
/* End PBXResourcesBuildPhase section */

/* Begin PBXSourcesBuildPhase section */
		FB78AD79240999C400A2BC3B /* Sources */ = {
			isa = PBXSourcesBuildPhase;
			buildActionMask = 2147483647;
			files = (
				FB78AD85240999C500A2BC3B /* ViewController.swift in Sources */,
				FB78AD81240999C500A2BC3B /* AppDelegate.swift in Sources */,
				FB78AD83240999C500A2BC3B /* SceneDelegate.swift in Sources */,
			);
			runOnlyForDeploymentPostprocessing = 0;
		};
		FB78AD8F240999C700A2BC3B /* Sources */ = {
			isa = PBXSourcesBuildPhase;
			buildActionMask = 2147483647;
			files = (
				FB78AD98240999C700A2BC3B /* musicAppTests.swift in Sources */,
			);
			runOnlyForDeploymentPostprocessing = 0;
		};
		FB78AD9A240999C800A2BC3B /* Sources */ = {
			isa = PBXSourcesBuildPhase;
			buildActionMask = 2147483647;
			files = (
				FB78ADA3240999C800A2BC3B /* musicAppUITests.swift in Sources */,
			);
			runOnlyForDeploymentPostprocessing = 0;
		};
/* End PBXSourcesBuildPhase section */

/* Begin PBXTargetDependency section */
		FB78AD95240999C700A2BC3B /* PBXTargetDependency */ = {
			isa = PBXTargetDependency;
			target = FB78AD7C240999C400A2BC3B /* musicApp */;
			targetProxy = FB78AD94240999C700A2BC3B /* PBXContainerItemProxy */;
		};
		FB78ADA0240999C800A2BC3B /* PBXTargetDependency */ = {
			isa = PBXTargetDependency;
			target = FB78AD7C240999C400A2BC3B /* musicApp */;
			targetProxy = FB78AD9F240999C800A2BC3B /* PBXContainerItemProxy */;
		};
/* End PBXTargetDependency section */

/* Begin PBXVariantGroup section */
		FB78AD86240999C500A2BC3B /* Main.storyboard */ = {
			isa = PBXVariantGroup;
			children = (
				FB78AD87240999C500A2BC3B /* Base */,
			);
			name = Main.storyboard;
			sourceTree = "<group>";
		};
		FB78AD8B240999C700A2BC3B /* LaunchScreen.storyboard */ = {
			isa = PBXVariantGroup;
			children = (
				FB78AD8C240999C700A2BC3B /* Base */,
			);
			name = LaunchScreen.storyboard;
			sourceTree = "<group>";
		};
/* End PBXVariantGroup section */

/* Begin XCBuildConfiguration section */
		FB78ADA5240999C800A2BC3B /* Debug */ = {
			isa = XCBuildConfiguration;
			buildSettings = {
				ALWAYS_SEARCH_USER_PATHS = NO;
				CLANG_ANALYZER_NONNULL = YES;
				CLANG_ANALYZER_NUMBER_OBJECT_CONVERSION = YES_AGGRESSIVE;
				CLANG_CXX_LANGUAGE_STANDARD = "gnu++14";
				CLANG_CXX_LIBRARY = "libc++";
				CLANG_ENABLE_MODULES = YES;
				CLANG_ENABLE_OBJC_ARC = YES;
				CLANG_ENABLE_OBJC_WEAK = YES;
				CLANG_WARN_BLOCK_CAPTURE_AUTORELEASING = YES;
				CLANG_WARN_BOOL_CONVERSION = YES;
				CLANG_WARN_COMMA = YES;
				CLANG_WARN_CONSTANT_CONVERSION = YES;
				CLANG_WARN_DEPRECATED_OBJC_IMPLEMENTATIONS = YES;
				CLANG_WARN_DIRECT_OBJC_ISA_USAGE = YES_ERROR;
				CLANG_WARN_DOCUMENTATION_COMMENTS = YES;
				CLANG_WARN_EMPTY_BODY = YES;
				CLANG_WARN_ENUM_CONVERSION = YES;
				CLANG_WARN_INFINITE_RECURSION = YES;
				CLANG_WARN_INT_CONVERSION = YES;
				CLANG_WARN_NON_LITERAL_NULL_CONVERSION = YES;
				CLANG_WARN_OBJC_IMPLICIT_RETAIN_SELF = YES;
				CLANG_WARN_OBJC_LITERAL_CONVERSION = YES;
				CLANG_WARN_OBJC_ROOT_CLASS = YES_ERROR;
				CLANG_WARN_RANGE_LOOP_ANALYSIS = YES;
				CLANG_WARN_STRICT_PROTOTYPES = YES;
				CLANG_WARN_SUSPICIOUS_MOVE = YES;
				CLANG_WARN_UNGUARDED_AVAILABILITY = YES_AGGRESSIVE;
				CLANG_WARN_UNREACHABLE_CODE = YES;
				CLANG_WARN__DUPLICATE_METHOD_MATCH = YES;
				COPY_PHASE_STRIP = NO;
				DEBUG_INFORMATION_FORMAT = dwarf;
				ENABLE_STRICT_OBJC_MSGSEND = YES;
				ENABLE_TESTABILITY = YES;
				GCC_C_LANGUAGE_STANDARD = gnu11;
				GCC_DYNAMIC_NO_PIC = NO;
				GCC_NO_COMMON_BLOCKS = YES;
				GCC_OPTIMIZATION_LEVEL = 0;
				GCC_PREPROCESSOR_DEFINITIONS = (
					"DEBUG=1",
					"$(inherited)",
				);
				GCC_WARN_64_TO_32_BIT_CONVERSION = YES;
				GCC_WARN_ABOUT_RETURN_TYPE = YES_ERROR;
				GCC_WARN_UNDECLARED_SELECTOR = YES;
				GCC_WARN_UNINITIALIZED_AUTOS = YES_AGGRESSIVE;
				GCC_WARN_UNUSED_FUNCTION = YES;
				GCC_WARN_UNUSED_VARIABLE = YES;
				IPHONEOS_DEPLOYMENT_TARGET = 13.2;
				MTL_ENABLE_DEBUG_INFO = INCLUDE_SOURCE;
				MTL_FAST_MATH = YES;
				ONLY_ACTIVE_ARCH = YES;
				SDKROOT = iphoneos;
				SWIFT_ACTIVE_COMPILATION_CONDITIONS = DEBUG;
				SWIFT_OPTIMIZATION_LEVEL = "-Onone";
			};
			name = Debug;
		};
		FB78ADA6240999C800A2BC3B /* Release */ = {
			isa = XCBuildConfiguration;
			buildSettings = {
				ALWAYS_SEARCH_USER_PATHS = NO;
				CLANG_ANALYZER_NONNULL = YES;
				CLANG_ANALYZER_NUMBER_OBJECT_CONVERSION = YES_AGGRESSIVE;
				CLANG_CXX_LANGUAGE_STANDARD = "gnu++14";
				CLANG_CXX_LIBRARY = "libc++";
				CLANG_ENABLE_MODULES = YES;
				CLANG_ENABLE_OBJC_ARC = YES;
				CLANG_ENABLE_OBJC_WEAK = YES;
				CLANG_WARN_BLOCK_CAPTURE_AUTORELEASING = YES;
				CLANG_WARN_BOOL_CONVERSION = YES;
				CLANG_WARN_COMMA = YES;
				CLANG_WARN_CONSTANT_CONVERSION = YES;
				CLANG_WARN_DEPRECATED_OBJC_IMPLEMENTATIONS = YES;
				CLANG_WARN_DIRECT_OBJC_ISA_USAGE = YES_ERROR;
				CLANG_WARN_DOCUMENTATION_COMMENTS = YES;
				CLANG_WARN_EMPTY_BODY = YES;
				CLANG_WARN_ENUM_CONVERSION = YES;
				CLANG_WARN_INFINITE_RECURSION = YES;
				CLANG_WARN_INT_CONVERSION = YES;
				CLANG_WARN_NON_LITERAL_NULL_CONVERSION = YES;
				CLANG_WARN_OBJC_IMPLICIT_RETAIN_SELF = YES;
				CLANG_WARN_OBJC_LITERAL_CONVERSION = YES;
				CLANG_WARN_OBJC_ROOT_CLASS = YES_ERROR;
				CLANG_WARN_RANGE_LOOP_ANALYSIS = YES;
				CLANG_WARN_STRICT_PROTOTYPES = YES;
				CLANG_WARN_SUSPICIOUS_MOVE = YES;
				CLANG_WARN_UNGUARDED_AVAILABILITY = YES_AGGRESSIVE;
				CLANG_WARN_UNREACHABLE_CODE = YES;
				CLANG_WARN__DUPLICATE_METHOD_MATCH = YES;
				COPY_PHASE_STRIP = NO;
				DEBUG_INFORMATION_FORMAT = "dwarf-with-dsym";
				ENABLE_NS_ASSERTIONS = NO;
				ENABLE_STRICT_OBJC_MSGSEND = YES;
				GCC_C_LANGUAGE_STANDARD = gnu11;
				GCC_NO_COMMON_BLOCKS = YES;
				GCC_WARN_64_TO_32_BIT_CONVERSION = YES;
				GCC_WARN_ABOUT_RETURN_TYPE = YES_ERROR;
				GCC_WARN_UNDECLARED_SELECTOR = YES;
				GCC_WARN_UNINITIALIZED_AUTOS = YES_AGGRESSIVE;
				GCC_WARN_UNUSED_FUNCTION = YES;
				GCC_WARN_UNUSED_VARIABLE = YES;
				IPHONEOS_DEPLOYMENT_TARGET = 13.2;
				MTL_ENABLE_DEBUG_INFO = NO;
				MTL_FAST_MATH = YES;
				SDKROOT = iphoneos;
				SWIFT_COMPILATION_MODE = wholemodule;
				SWIFT_OPTIMIZATION_LEVEL = "-O";
				VALIDATE_PRODUCT = YES;
			};
			name = Release;
		};
		FB78ADA8240999C800A2BC3B /* Debug */ = {
			isa = XCBuildConfiguration;
			buildSettings = {
				ASSETCATALOG_COMPILER_APPICON_NAME = AppIcon;
				CODE_SIGN_STYLE = Automatic;
				INFOPLIST_FILE = musicApp/Info.plist;
				LD_RUNPATH_SEARCH_PATHS = (
					"$(inherited)",
					"@executable_path/Frameworks",
				);
				PRODUCT_BUNDLE_IDENTIFIER = com.adamjackrel.musicApp;
				PRODUCT_NAME = "$(TARGET_NAME)";
				SWIFT_VERSION = 5.0;
				TARGETED_DEVICE_FAMILY = "1,2";
			};
			name = Debug;
		};
		FB78ADA9240999C800A2BC3B /* Release */ = {
			isa = XCBuildConfiguration;
			buildSettings = {
				ASSETCATALOG_COMPILER_APPICON_NAME = AppIcon;
				CODE_SIGN_STYLE = Automatic;
				INFOPLIST_FILE = musicApp/Info.plist;
				LD_RUNPATH_SEARCH_PATHS = (
					"$(inherited)",
					"@executable_path/Frameworks",
				);
				PRODUCT_BUNDLE_IDENTIFIER = com.adamjackrel.musicApp;
				PRODUCT_NAME = "$(TARGET_NAME)";
				SWIFT_VERSION = 5.0;
				TARGETED_DEVICE_FAMILY = "1,2";
			};
			name = Release;
		};
		FB78ADAB240999C800A2BC3B /* Debug */ = {
			isa = XCBuildConfiguration;
			buildSettings = {
				ALWAYS_EMBED_SWIFT_STANDARD_LIBRARIES = YES;
				BUNDLE_LOADER = "$(TEST_HOST)";
				CODE_SIGN_STYLE = Automatic;
				INFOPLIST_FILE = musicAppTests/Info.plist;
				IPHONEOS_DEPLOYMENT_TARGET = 13.2;
				LD_RUNPATH_SEARCH_PATHS = (
					"$(inherited)",
					"@executable_path/Frameworks",
					"@loader_path/Frameworks",
				);
				PRODUCT_BUNDLE_IDENTIFIER = com.adamjackrel.musicAppTests;
				PRODUCT_NAME = "$(TARGET_NAME)";
				SWIFT_VERSION = 5.0;
				TARGETED_DEVICE_FAMILY = "1,2";
				TEST_HOST = "$(BUILT_PRODUCTS_DIR)/musicApp.app/musicApp";
			};
			name = Debug;
		};
		FB78ADAC240999C800A2BC3B /* Release */ = {
			isa = XCBuildConfiguration;
			buildSettings = {
				ALWAYS_EMBED_SWIFT_STANDARD_LIBRARIES = YES;
				BUNDLE_LOADER = "$(TEST_HOST)";
				CODE_SIGN_STYLE = Automatic;
				INFOPLIST_FILE = musicAppTests/Info.plist;
				IPHONEOS_DEPLOYMENT_TARGET = 13.2;
				LD_RUNPATH_SEARCH_PATHS = (
					"$(inherited)",
					"@executable_path/Frameworks",
					"@loader_path/Frameworks",
				);
				PRODUCT_BUNDLE_IDENTIFIER = com.adamjackrel.musicAppTests;
				PRODUCT_NAME = "$(TARGET_NAME)";
				SWIFT_VERSION = 5.0;
				TARGETED_DEVICE_FAMILY = "1,2";
				TEST_HOST = "$(BUILT_PRODUCTS_DIR)/musicApp.app/musicApp";
			};
			name = Release;
		};
		FB78ADAE240999C800A2BC3B /* Debug */ = {
			isa = XCBuildConfiguration;
			buildSettings = {
				ALWAYS_EMBED_SWIFT_STANDARD_LIBRARIES = YES;
				CODE_SIGN_STYLE = Automatic;
				INFOPLIST_FILE = musicAppUITests/Info.plist;
				LD_RUNPATH_SEARCH_PATHS = (
					"$(inherited)",
					"@executable_path/Frameworks",
					"@loader_path/Frameworks",
				);
				PRODUCT_BUNDLE_IDENTIFIER = com.adamjackrel.musicAppUITests;
				PRODUCT_NAME = "$(TARGET_NAME)";
				SWIFT_VERSION = 5.0;
				TARGETED_DEVICE_FAMILY = "1,2";
				TEST_TARGET_NAME = musicApp;
			};
			name = Debug;
		};
		FB78ADAF240999C800A2BC3B /* Release */ = {
			isa = XCBuildConfiguration;
			buildSettings = {
				ALWAYS_EMBED_SWIFT_STANDARD_LIBRARIES = YES;
				CODE_SIGN_STYLE = Automatic;
				INFOPLIST_FILE = musicAppUITests/Info.plist;
				LD_RUNPATH_SEARCH_PATHS = (
					"$(inherited)",
					"@executable_path/Frameworks",
					"@loader_path/Frameworks",
				);
				PRODUCT_BUNDLE_IDENTIFIER = com.adamjackrel.musicAppUITests;
				PRODUCT_NAME = "$(TARGET_NAME)";
				SWIFT_VERSION = 5.0;
				TARGETED_DEVICE_FAMILY = "1,2";
				TEST_TARGET_NAME = musicApp;
			};
			name = Release;
		};
/* End XCBuildConfiguration section */

/* Begin XCConfigurationList section */
		FB78AD78240999C400A2BC3B /* Build configuration list for PBXProject "musicApp" */ = {
			isa = XCConfigurationList;
			buildConfigurations = (
				FB78ADA5240999C800A2BC3B /* Debug */,
				FB78ADA6240999C800A2BC3B /* Release */,
			);
			defaultConfigurationIsVisible = 0;
			defaultConfigurationName = Release;
		};
		FB78ADA7240999C800A2BC3B /* Build configuration list for PBXNativeTarget "musicApp" */ = {
			isa = XCConfigurationList;
			buildConfigurations = (
				FB78ADA8240999C800A2BC3B /* Debug */,
				FB78ADA9240999C800A2BC3B /* Release */,
			);
			defaultConfigurationIsVisible = 0;
			defaultConfigurationName = Release;
		};
		FB78ADAA240999C800A2BC3B /* Build configuration list for PBXNativeTarget "musicAppTests" */ = {
			isa = XCConfigurationList;
			buildConfigurations = (
				FB78ADAB240999C800A2BC3B /* Debug */,
				FB78ADAC240999C800A2BC3B /* Release */,
			);
			defaultConfigurationIsVisible = 0;
			defaultConfigurationName = Release;
		};
		FB78ADAD240999C800A2BC3B /* Build configuration list for PBXNativeTarget "musicAppUITests" */ = {
			isa = XCConfigurationList;
			buildConfigurations = (
				FB78ADAE240999C800A2BC3B /* Debug */,
				FB78ADAF240999C800A2BC3B /* Release */,
			);
			defaultConfigurationIsVisible = 0;
			defaultConfigurationName = Release;
		};
/* End XCConfigurationList section */
	};
	rootObject = FB78AD75240999C400A2BC3B /* Project object */;
}
